
Microsoft Visual Studio Solution File, Format Version 12.00
# Visual Studio Version 17
VisualStudioVersion = 17.6.33829.357
MinimumVisualStudioVersion = 10.0.40219.1
Project("{9A19103F-16F7-4668-BE54-9A1E7A4F7556}") = "FarmaciaFront", "FarmaciaFront.csproj", "{0F5C0B14-453D-4268-AFD8-6B47F384D192}"
EndProject
Project("{9A19103F-16F7-4668-BE54-9A1E7A4F7556}") = "FarmaciaBack", "..\FarmaciaBack\FarmaciaBack.csproj", "{320D8456-16FC-4F13-83D0-A4F7F590E3FE}"
EndProject
Project("{FAE04EC0-301F-11D3-BF4B-00C04F79EFBC}") = "FarmaciaAPI", "..\FarmaciaAPI\FarmaciaAPI.csproj", "{22B9B8F8-45C5-4EEB-8C7B-B310A919144F}"
EndProject
Global
	GlobalSection(SolutionConfigurationPlatforms) = preSolution
		Debug|Any CPU = Debug|Any CPU
		Release|Any CPU = Release|Any CPU
	EndGlobalSection
	GlobalSection(ProjectConfigurationPlatforms) = postSolution
		{0F5C0B14-453D-4268-AFD8-6B47F384D192}.Debug|Any CPU.ActiveCfg = Debug|Any CPU
		{0F5C0B14-453D-4268-AFD8-6B47F384D192}.Debug|Any CPU.Build.0 = Debug|Any CPU
		{0F5C0B14-453D-4268-AFD8-6B47F384D192}.Release|Any CPU.ActiveCfg = Release|Any CPU
		{0F5C0B14-453D-4268-AFD8-6B47F384D192}.Release|Any CPU.Build.0 = Release|Any CPU
		{320D8456-16FC-4F13-83D0-A4F7F590E3FE}.Debug|Any CPU.ActiveCfg = Debug|Any CPU
		{320D8456-16FC-4F13-83D0-A4F7F590E3FE}.Debug|Any CPU.Build.0 = Debug|Any CPU
		{320D8456-16FC-4F13-83D0-A4F7F590E3FE}.Release|Any CPU.ActiveCfg = Release|Any CPU
		{320D8456-16FC-4F13-83D0-A4F7F590E3FE}.Release|Any CPU.Build.0 = Release|Any CPU
		{22B9B8F8-45C5-4EEB-8C7B-B310A919144F}.Debug|Any CPU.ActiveCfg = Debug|Any CPU
		{22B9B8F8-45C5-4EEB-8C7B-B310A919144F}.Debug|Any CPU.Build.0 = Debug|Any CPU
		{22B9B8F8-45C5-4EEB-8C7B-B310A919144F}.Release|Any CPU.ActiveCfg = Release|Any CPU
		{22B9B8F8-45C5-4EEB-8C7B-B310A919144F}.Release|Any CPU.Build.0 = Release|Any CPU
	EndGlobalSection
	GlobalSection(SolutionProperties) = preSolution
		HideSolutionNode = FALSE
	EndGlobalSection
	GlobalSection(ExtensibilityGlobals) = postSolution
		SolutionGuid = {AD5F1202-63D3-491A-A763-29F7558DE756}
	EndGlobalSection
EndGlobal
